
Microsoft Visual Studio Solution File, Format Version 12.00
# Visual Studio Version 17
VisualStudioVersion = 17.5.33530.505
MinimumVisualStudioVersion = 10.0.40219.1
Project("{FAE04EC0-301F-11D3-BF4B-00C04F79EFBC}") = "CarDealership", "CarDealership\CarDealership.csproj", "{8E1E1231-5B42-4A4C-A4E8-0AA35CC1CEEF}"
EndProject
Project("{9A19103F-16F7-4668-BE54-9A1E7A4F7556}") = "CarLibrary", "CarLibrary\CarLibrary.csproj", "{057EA09B-8022-417F-BC87-888F848B02EB}"
EndProject
Global
	GlobalSection(SolutionConfigurationPlatforms) = preSolution
		Debug|Any CPU = Debug|Any CPU
		Release|Any CPU = Release|Any CPU
	EndGlobalSection
	GlobalSection(ProjectConfigurationPlatforms) = postSolution
		{8E1E1231-5B42-4A4C-A4E8-0AA35CC1CEEF}.Debug|Any CPU.ActiveCfg = Debug|Any CPU
		{8E1E1231-5B42-4A4C-A4E8-0AA35CC1CEEF}.Debug|Any CPU.Build.0 = Debug|Any CPU
		{8E1E1231-5B42-4A4C-A4E8-0AA35CC1CEEF}.Release|Any CPU.ActiveCfg = Release|Any CPU
		{8E1E1231-5B42-4A4C-A4E8-0AA35CC1CEEF}.Release|Any CPU.Build.0 = Release|Any CPU
		{057EA09B-8022-417F-BC87-888F848B02EB}.Debug|Any CPU.ActiveCfg = Debug|Any CPU
		{057EA09B-8022-417F-BC87-888F848B02EB}.Debug|Any CPU.Build.0 = Debug|Any CPU
		{057EA09B-8022-417F-BC87-888F848B02EB}.Release|Any CPU.ActiveCfg = Release|Any CPU
		{057EA09B-8022-417F-BC87-888F848B02EB}.Release|Any CPU.Build.0 = Release|Any CPU
	EndGlobalSection
	GlobalSection(SolutionProperties) = preSolution
		HideSolutionNode = FALSE
	EndGlobalSection
	GlobalSection(ExtensibilityGlobals) = postSolution
		SolutionGuid = {4A0A1B3C-A886-4897-9D5B-246634BB3D8E}
	EndGlobalSection
EndGlobal
